
Microsoft Visual Studio Solution File, Format Version 12.00
# Visual Studio 14
VisualStudioVersion = 14.0.23107.0
MinimumVisualStudioVersion = 10.0.40219.1
Project("{FAE04EC0-301F-11D3-BF4B-00C04F79EFBC}") = "Test.NewCore", "Test.NewCore\Test.NewCore.csproj", "{09EA8AB4-D72E-4BF1-8812-4634953A13EB}"
EndProject
Project("{FAE04EC0-301F-11D3-BF4B-00C04F79EFBC}") = "Test.Uwp", "Test.Uwp\Test.Uwp.csproj", "{463A7380-8DC2-435C-B8BC-D2EA165F8E43}"
EndProject
Global
	GlobalSection(SolutionConfigurationPlatforms) = preSolution
		Debug|Any CPU = Debug|Any CPU
		Debug|ARM = Debug|ARM
		Debug|x64 = Debug|x64
		Debug|x86 = Debug|x86
		Release|Any CPU = Release|Any CPU
		Release|ARM = Release|ARM
		Release|x64 = Release|x64
		Release|x86 = Release|x86
	EndGlobalSection
	GlobalSection(ProjectConfigurationPlatforms) = postSolution
		{09EA8AB4-D72E-4BF1-8812-4634953A13EB}.Debug|Any CPU.ActiveCfg = Debug|Any CPU
		{09EA8AB4-D72E-4BF1-8812-4634953A13EB}.Debug|Any CPU.Build.0 = Debug|Any CPU
		{09EA8AB4-D72E-4BF1-8812-4634953A13EB}.Debug|ARM.ActiveCfg = Debug|Any CPU
		{09EA8AB4-D72E-4BF1-8812-4634953A13EB}.Debug|ARM.Build.0 = Debug|Any CPU
		{09EA8AB4-D72E-4BF1-8812-4634953A13EB}.Debug|x64.ActiveCfg = Debug|Any CPU
		{09EA8AB4-D72E-4BF1-8812-4634953A13EB}.Debug|x64.Build.0 = Debug|Any CPU
		{09EA8AB4-D72E-4BF1-8812-4634953A13EB}.Debug|x86.ActiveCfg = Debug|Any CPU
		{09EA8AB4-D72E-4BF1-8812-4634953A13EB}.Debug|x86.Build.0 = Debug|Any CPU
		{09EA8AB4-D72E-4BF1-8812-4634953A13EB}.Release|Any CPU.ActiveCfg = Release|Any CPU
		{09EA8AB4-D72E-4BF1-8812-4634953A13EB}.Release|Any CPU.Build.0 = Release|Any CPU
		{09EA8AB4-D72E-4BF1-8812-4634953A13EB}.Release|ARM.ActiveCfg = Release|Any CPU
		{09EA8AB4-D72E-4BF1-8812-4634953A13EB}.Release|ARM.Build.0 = Release|Any CPU
		{09EA8AB4-D72E-4BF1-8812-4634953A13EB}.Release|x64.ActiveCfg = Release|Any CPU
		{09EA8AB4-D72E-4BF1-8812-4634953A13EB}.Release|x64.Build.0 = Release|Any CPU
		{09EA8AB4-D72E-4BF1-8812-4634953A13EB}.Release|x86.ActiveCfg = Release|Any CPU
		{09EA8AB4-D72E-4BF1-8812-4634953A13EB}.Release|x86.Build.0 = Release|Any CPU
		{463A7380-8DC2-435C-B8BC-D2EA165F8E43}.Debug|Any CPU.ActiveCfg = Debug|x64
		{463A7380-8DC2-435C-B8BC-D2EA165F8E43}.Debug|Any CPU.Build.0 = Debug|x64
		{463A7380-8DC2-435C-B8BC-D2EA165F8E43}.Debug|Any CPU.Deploy.0 = Debug|x64
		{463A7380-8DC2-435C-B8BC-D2EA165F8E43}.Debug|ARM.ActiveCfg = Debug|ARM
		{463A7380-8DC2-435C-B8BC-D2EA165F8E43}.Debug|ARM.Build.0 = Debug|ARM
		{463A7380-8DC2-435C-B8BC-D2EA165F8E43}.Debug|ARM.Deploy.0 = Debug|ARM
		{463A7380-8DC2-435C-B8BC-D2EA165F8E43}.Debug|x64.ActiveCfg = Debug|x64
		{463A7380-8DC2-435C-B8BC-D2EA165F8E43}.Debug|x64.Build.0 = Debug|x64
		{463A7380-8DC2-435C-B8BC-D2EA165F8E43}.Debug|x64.Deploy.0 = Debug|x64
		{463A7380-8DC2-435C-B8BC-D2EA165F8E43}.Debug|x86.ActiveCfg = Debug|x86
		{463A7380-8DC2-435C-B8BC-D2EA165F8E43}.Debug|x86.Build.0 = Debug|x86
		{463A7380-8DC2-435C-B8BC-D2EA165F8E43}.Debug|x86.Deploy.0 = Debug|x86
		{463A7380-8DC2-435C-B8BC-D2EA165F8E43}.Release|Any CPU.ActiveCfg = Release|x86
		{463A7380-8DC2-435C-B8BC-D2EA165F8E43}.Release|ARM.ActiveCfg = Release|ARM
		{463A7380-8DC2-435C-B8BC-D2EA165F8E43}.Release|ARM.Build.0 = Release|ARM
		{463A7380-8DC2-435C-B8BC-D2EA165F8E43}.Release|ARM.Deploy.0 = Release|ARM
		{463A7380-8DC2-435C-B8BC-D2EA165F8E43}.Release|x64.ActiveCfg = Release|x64
		{463A7380-8DC2-435C-B8BC-D2EA165F8E43}.Release|x64.Build.0 = Release|x64
		{463A7380-8DC2-435C-B8BC-D2EA165F8E43}.Release|x64.Deploy.0 = Release|x64
		{463A7380-8DC2-435C-B8BC-D2EA165F8E43}.Release|x86.ActiveCfg = Release|x86
		{463A7380-8DC2-435C-B8BC-D2EA165F8E43}.Release|x86.Build.0 = Release|x86
		{463A7380-8DC2-435C-B8BC-D2EA165F8E43}.Release|x86.Deploy.0 = Release|x86
	EndGlobalSection
	GlobalSection(SolutionProperties) = preSolution
		HideSolutionNode = FALSE
	EndGlobalSection
	GlobalSection(TeamFoundationVersionControl) = preSolution
		SccNumberOfProjects = 3
		SccEnterpriseProvider = {4CA58AB2-18FA-4F8D-95D4-32DDF27D184C}
		SccTeamFoundationServer = https://ehuna.visualstudio.com/defaultcollection
		SccLocalPath0 = .
		SccProjectUniqueName1 = Test.NewCore\\Test.NewCore.csproj
		SccProjectName1 = Test.NewCore
		SccLocalPath1 = Test.NewCore
		SccProjectUniqueName2 = Test.Uwp\\Test.Uwp.csproj
		SccProjectName2 = Test.Uwp
		SccLocalPath2 = Test.Uwp
	EndGlobalSection
EndGlobal
